// !$*UTF8*$!
{
	archiveVersion = 1;
	classes = {
	};
	objectVersion = 55;
	objects = {

/* Begin PBXBuildFile section */
		726ED86529B5A99500AFA487 /* FirebaseDatabase in Frameworks */ = {isa = PBXBuildFile; productRef = 726ED86429B5A99500AFA487 /* FirebaseDatabase */; };
		726ED87429B5B65200AFA487 /* MyCell.swift in Sources */ = {isa = PBXBuildFile; fileRef = 726ED87229B5B65200AFA487 /* MyCell.swift */; };
		726ED87529B5B65200AFA487 /* MyCell.xib in Resources */ = {isa = PBXBuildFile; fileRef = 726ED87329B5B65200AFA487 /* MyCell.xib */; };
		726ED87829B5B66900AFA487 /* ShowDataTVC.swift in Sources */ = {isa = PBXBuildFile; fileRef = 726ED87629B5B66900AFA487 /* ShowDataTVC.swift */; };
		726ED87929B5B66900AFA487 /* ShowDataTVC.xib in Resources */ = {isa = PBXBuildFile; fileRef = 726ED87729B5B66900AFA487 /* ShowDataTVC.xib */; };
		7270282429BF0C02007D5BF2 /* Person.swift in Sources */ = {isa = PBXBuildFile; fileRef = 7270282329BF0C02007D5BF2 /* Person.swift */; };
		7270282829BF11F1007D5BF2 /* HomeVC.swift in Sources */ = {isa = PBXBuildFile; fileRef = 7270282629BF11F1007D5BF2 /* HomeVC.swift */; };
		7270282929BF11F1007D5BF2 /* HomeVC.xib in Resources */ = {isa = PBXBuildFile; fileRef = 7270282729BF11F1007D5BF2 /* HomeVC.xib */; };
		7270282D29BF1668007D5BF2 /* UpdateDataVC.swift in Sources */ = {isa = PBXBuildFile; fileRef = 7270282B29BF1668007D5BF2 /* UpdateDataVC.swift */; };
		7270282E29BF1668007D5BF2 /* UpdateDataVC.xib in Resources */ = {isa = PBXBuildFile; fileRef = 7270282C29BF1668007D5BF2 /* UpdateDataVC.xib */; };
		7270283229BF1E6C007D5BF2 /* AddNewPersonVC.swift in Sources */ = {isa = PBXBuildFile; fileRef = 7270283029BF1E6C007D5BF2 /* AddNewPersonVC.swift */; };
		7270283329BF1E6C007D5BF2 /* AddNewPersonVC.xib in Resources */ = {isa = PBXBuildFile; fileRef = 7270283129BF1E6C007D5BF2 /* AddNewPersonVC.xib */; };
		727F87C429B543420093B1DA /* AppDelegate.swift in Sources */ = {isa = PBXBuildFile; fileRef = 727F87C329B543420093B1DA /* AppDelegate.swift */; };
		727F87C629B543420093B1DA /* SceneDelegate.swift in Sources */ = {isa = PBXBuildFile; fileRef = 727F87C529B543420093B1DA /* SceneDelegate.swift */; };
		727F87CD29B543440093B1DA /* Assets.xcassets in Resources */ = {isa = PBXBuildFile; fileRef = 727F87CC29B543440093B1DA /* Assets.xcassets */; };
		727F87D029B543440093B1DA /* LaunchScreen.storyboard in Resources */ = {isa = PBXBuildFile; fileRef = 727F87CE29B543440093B1DA /* LaunchScreen.storyboard */; };
		727F87DB29B543440093B1DA /* FirstAppTests.swift in Sources */ = {isa = PBXBuildFile; fileRef = 727F87DA29B543440093B1DA /* FirstAppTests.swift */; };
		727F87E529B543440093B1DA /* FirstAppUITests.swift in Sources */ = {isa = PBXBuildFile; fileRef = 727F87E429B543440093B1DA /* FirstAppUITests.swift */; };
		727F87E729B543440093B1DA /* FirstAppUITestsLaunchTests.swift in Sources */ = {isa = PBXBuildFile; fileRef = 727F87E629B543440093B1DA /* FirstAppUITestsLaunchTests.swift */; };
		727F87F429B543F40093B1DA /* GoogleService-Info.plist in Resources */ = {isa = PBXBuildFile; fileRef = 727F87F329B543F40093B1DA /* GoogleService-Info.plist */; };
		727F87F729B545020093B1DA /* FirebaseAnalytics in Frameworks */ = {isa = PBXBuildFile; productRef = 727F87F629B545020093B1DA /* FirebaseAnalytics */; };
		727F87F929B545020093B1DA /* FirebaseAnalyticsWithoutAdIdSupport in Frameworks */ = {isa = PBXBuildFile; productRef = 727F87F829B545020093B1DA /* FirebaseAnalyticsWithoutAdIdSupport */; };
		727F87FB29B545BA0093B1DA /* CustonButton.swift in Sources */ = {isa = PBXBuildFile; fileRef = 727F87FA29B545BA0093B1DA /* CustonButton.swift */; };
		727F87FE29B54AD80093B1DA /* IQKeyboardManagerSwift in Frameworks */ = {isa = PBXBuildFile; productRef = 727F87FD29B54AD80093B1DA /* IQKeyboardManagerSwift */; };
		727F880129B550B60093B1DA /* FirebaseAuth in Frameworks */ = {isa = PBXBuildFile; productRef = 727F880029B550B60093B1DA /* FirebaseAuth */; };
		727F880329B550B60093B1DA /* FirebaseAuthCombine-Community in Frameworks */ = {isa = PBXBuildFile; productRef = 727F880229B550B60093B1DA /* FirebaseAuthCombine-Community */; };
		727F880829B55BAD0093B1DA /* LogoutVC.swift in Sources */ = {isa = PBXBuildFile; fileRef = 727F880629B55BAD0093B1DA /* LogoutVC.swift */; };
		727F880929B55BAD0093B1DA /* LogoutVC.xib in Resources */ = {isa = PBXBuildFile; fileRef = 727F880729B55BAD0093B1DA /* LogoutVC.xib */; };
		727F880E29B55CD40093B1DA /* LoginVC.swift in Sources */ = {isa = PBXBuildFile; fileRef = 727F880C29B55CD40093B1DA /* LoginVC.swift */; };
		727F880F29B55CD40093B1DA /* LoginVC.xib in Resources */ = {isa = PBXBuildFile; fileRef = 727F880D29B55CD40093B1DA /* LoginVC.xib */; };
/* End PBXBuildFile section */

/* Begin PBXContainerItemProxy section */
		727F87D729B543440093B1DA /* PBXContainerItemProxy */ = {
			isa = PBXContainerItemProxy;
			containerPortal = 727F87B829B543420093B1DA /* Project object */;
			proxyType = 1;
			remoteGlobalIDString = 727F87BF29B543420093B1DA;
			remoteInfo = FirstApp;
		};
		727F87E129B543440093B1DA /* PBXContainerItemProxy */ = {
			isa = PBXContainerItemProxy;
			containerPortal = 727F87B829B543420093B1DA /* Project object */;
			proxyType = 1;
			remoteGlobalIDString = 727F87BF29B543420093B1DA;
			remoteInfo = FirstApp;
		};
/* End PBXContainerItemProxy section */

/* Begin PBXFileReference section */
		726ED87229B5B65200AFA487 /* MyCell.swift */ = {isa = PBXFileReference; lastKnownFileType = sourcecode.swift; path = MyCell.swift; sourceTree = "<group>"; };
		726ED87329B5B65200AFA487 /* MyCell.xib */ = {isa = PBXFileReference; lastKnownFileType = file.xib; path = MyCell.xib; sourceTree = "<group>"; };
		726ED87629B5B66900AFA487 /* ShowDataTVC.swift */ = {isa = PBXFileReference; lastKnownFileType = sourcecode.swift; path = ShowDataTVC.swift; sourceTree = "<group>"; };
		726ED87729B5B66900AFA487 /* ShowDataTVC.xib */ = {isa = PBXFileReference; lastKnownFileType = file.xib; path = ShowDataTVC.xib; sourceTree = "<group>"; };
		7270282329BF0C02007D5BF2 /* Person.swift */ = {isa = PBXFileReference; lastKnownFileType = sourcecode.swift; path = Person.swift; sourceTree = "<group>"; };
		7270282629BF11F1007D5BF2 /* HomeVC.swift */ = {isa = PBXFileReference; lastKnownFileType = sourcecode.swift; path = HomeVC.swift; sourceTree = "<group>"; };
		7270282729BF11F1007D5BF2 /* HomeVC.xib */ = {isa = PBXFileReference; lastKnownFileType = file.xib; path = HomeVC.xib; sourceTree = "<group>"; };
		7270282B29BF1668007D5BF2 /* UpdateDataVC.swift */ = {isa = PBXFileReference; lastKnownFileType = sourcecode.swift; path = UpdateDataVC.swift; sourceTree = "<group>"; };
		7270282C29BF1668007D5BF2 /* UpdateDataVC.xib */ = {isa = PBXFileReference; lastKnownFileType = file.xib; path = UpdateDataVC.xib; sourceTree = "<group>"; };
		7270283029BF1E6C007D5BF2 /* AddNewPersonVC.swift */ = {isa = PBXFileReference; lastKnownFileType = sourcecode.swift; path = AddNewPersonVC.swift; sourceTree = "<group>"; };
		7270283129BF1E6C007D5BF2 /* AddNewPersonVC.xib */ = {isa = PBXFileReference; lastKnownFileType = file.xib; path = AddNewPersonVC.xib; sourceTree = "<group>"; };
		727F87C029B543420093B1DA /* FirstApp.app */ = {isa = PBXFileReference; explicitFileType = wrapper.application; includeInIndex = 0; path = FirstApp.app; sourceTree = BUILT_PRODUCTS_DIR; };
		727F87C329B543420093B1DA /* AppDelegate.swift */ = {isa = PBXFileReference; lastKnownFileType = sourcecode.swift; path = AppDelegate.swift; sourceTree = "<group>"; };
		727F87C529B543420093B1DA /* SceneDelegate.swift */ = {isa = PBXFileReference; lastKnownFileType = sourcecode.swift; path = SceneDelegate.swift; sourceTree = "<group>"; };
		727F87CC29B543440093B1DA /* Assets.xcassets */ = {isa = PBXFileReference; lastKnownFileType = folder.assetcatalog; path = Assets.xcassets; sourceTree = "<group>"; };
		727F87CF29B543440093B1DA /* Base */ = {isa = PBXFileReference; lastKnownFileType = file.storyboard; name = Base; path = Base.lproj/LaunchScreen.storyboard; sourceTree = "<group>"; };
		727F87D129B543440093B1DA /* Info.plist */ = {isa = PBXFileReference; lastKnownFileType = text.plist.xml; path = Info.plist; sourceTree = "<group>"; };
		727F87D629B543440093B1DA /* FirstAppTests.xctest */ = {isa = PBXFileReference; explicitFileType = wrapper.cfbundle; includeInIndex = 0; path = FirstAppTests.xctest; sourceTree = BUILT_PRODUCTS_DIR; };
		727F87DA29B543440093B1DA /* FirstAppTests.swift */ = {isa = PBXFileReference; lastKnownFileType = sourcecode.swift; path = FirstAppTests.swift; sourceTree = "<group>"; };
		727F87E029B543440093B1DA /* FirstAppUITests.xctest */ = {isa = PBXFileReference; explicitFileType = wrapper.cfbundle; includeInIndex = 0; path = FirstAppUITests.xctest; sourceTree = BUILT_PRODUCTS_DIR; };
		727F87E429B543440093B1DA /* FirstAppUITests.swift */ = {isa = PBXFileReference; lastKnownFileType = sourcecode.swift; path = FirstAppUITests.swift; sourceTree = "<group>"; };
		727F87E629B543440093B1DA /* FirstAppUITestsLaunchTests.swift */ = {isa = PBXFileReference; lastKnownFileType = sourcecode.swift; path = FirstAppUITestsLaunchTests.swift; sourceTree = "<group>"; };
		727F87F329B543F40093B1DA /* GoogleService-Info.plist */ = {isa = PBXFileReference; fileEncoding = 4; lastKnownFileType = text.plist.xml; path = "GoogleService-Info.plist"; sourceTree = "<group>"; };
		727F87FA29B545BA0093B1DA /* CustonButton.swift */ = {isa = PBXFileReference; lastKnownFileType = sourcecode.swift; path = CustonButton.swift; sourceTree = "<group>"; };
		727F880629B55BAD0093B1DA /* LogoutVC.swift */ = {isa = PBXFileReference; lastKnownFileType = sourcecode.swift; path = LogoutVC.swift; sourceTree = "<group>"; };
		727F880729B55BAD0093B1DA /* LogoutVC.xib */ = {isa = PBXFileReference; lastKnownFileType = file.xib; path = LogoutVC.xib; sourceTree = "<group>"; };
		727F880C29B55CD40093B1DA /* LoginVC.swift */ = {isa = PBXFileReference; lastKnownFileType = sourcecode.swift; path = LoginVC.swift; sourceTree = "<group>"; };
		727F880D29B55CD40093B1DA /* LoginVC.xib */ = {isa = PBXFileReference; lastKnownFileType = file.xib; path = LoginVC.xib; sourceTree = "<group>"; };
/* End PBXFileReference section */

/* Begin PBXFrameworksBuildPhase section */
		727F87BD29B543420093B1DA /* Frameworks */ = {
			isa = PBXFrameworksBuildPhase;
			buildActionMask = 2147483647;
			files = (
				726ED86529B5A99500AFA487 /* FirebaseDatabase in Frameworks */,
				727F87F729B545020093B1DA /* FirebaseAnalytics in Frameworks */,
				727F87F929B545020093B1DA /* FirebaseAnalyticsWithoutAdIdSupport in Frameworks */,
				727F87FE29B54AD80093B1DA /* IQKeyboardManagerSwift in Frameworks */,
				727F880129B550B60093B1DA /* FirebaseAuth in Frameworks */,
				727F880329B550B60093B1DA /* FirebaseAuthCombine-Community in Frameworks */,
			);
			runOnlyForDeploymentPostprocessing = 0;
		};
		727F87D329B543440093B1DA /* Frameworks */ = {
			isa = PBXFrameworksBuildPhase;
			buildActionMask = 2147483647;
			files = (
			);
			runOnlyForDeploymentPostprocessing = 0;
		};
		727F87DD29B543440093B1DA /* Frameworks */ = {
			isa = PBXFrameworksBuildPhase;
			buildActionMask = 2147483647;
			files = (
			);
			runOnlyForDeploymentPostprocessing = 0;
		};
/* End PBXFrameworksBuildPhase section */

/* Begin PBXGroup section */
		726ED86B29B5B08F00AFA487 /* ShowDataVC */ = {
			isa = PBXGroup;
			children = (
				726ED87229B5B65200AFA487 /* MyCell.swift */,
				726ED87329B5B65200AFA487 /* MyCell.xib */,
				726ED87629B5B66900AFA487 /* ShowDataTVC.swift */,
				726ED87729B5B66900AFA487 /* ShowDataTVC.xib */,
			);
			path = ShowDataVC;
			sourceTree = "<group>";
		};
		7270282529BF11BF007D5BF2 /* HomeVC */ = {
			isa = PBXGroup;
			children = (
				7270282629BF11F1007D5BF2 /* HomeVC.swift */,
				7270282729BF11F1007D5BF2 /* HomeVC.xib */,
			);
			path = HomeVC;
			sourceTree = "<group>";
		};
		7270282A29BF1642007D5BF2 /* UpdateDataVC */ = {
			isa = PBXGroup;
			children = (
				7270282B29BF1668007D5BF2 /* UpdateDataVC.swift */,
				7270282C29BF1668007D5BF2 /* UpdateDataVC.xib */,
			);
			path = UpdateDataVC;
			sourceTree = "<group>";
		};
		7270282F29BF1E47007D5BF2 /* AddDataVC */ = {
			isa = PBXGroup;
			children = (
				7270283029BF1E6C007D5BF2 /* AddNewPersonVC.swift */,
				7270283129BF1E6C007D5BF2 /* AddNewPersonVC.xib */,
			);
			path = AddDataVC;
			sourceTree = "<group>";
		};
		727F87B729B543420093B1DA = {
			isa = PBXGroup;
			children = (
				727F87C229B543420093B1DA /* FirstApp */,
				727F87D929B543440093B1DA /* FirstAppTests */,
				727F87E329B543440093B1DA /* FirstAppUITests */,
				727F87C129B543420093B1DA /* Products */,
			);
			sourceTree = "<group>";
		};
		727F87C129B543420093B1DA /* Products */ = {
			isa = PBXGroup;
			children = (
				727F87C029B543420093B1DA /* FirstApp.app */,
				727F87D629B543440093B1DA /* FirstAppTests.xctest */,
				727F87E029B543440093B1DA /* FirstAppUITests.xctest */,
			);
			name = Products;
			sourceTree = "<group>";
		};
		727F87C229B543420093B1DA /* FirstApp */ = {
			isa = PBXGroup;
			children = (
				7270282F29BF1E47007D5BF2 /* AddDataVC */,
				7270282A29BF1642007D5BF2 /* UpdateDataVC */,
				7270282529BF11BF007D5BF2 /* HomeVC */,
				726ED86B29B5B08F00AFA487 /* ShowDataVC */,
				727F880B29B55CBA0093B1DA /* LoginVC */,
				727F880A29B55BB20093B1DA /* LogoutVC */,
				727F87C329B543420093B1DA /* AppDelegate.swift */,
				727F87C529B543420093B1DA /* SceneDelegate.swift */,
				727F87CC29B543440093B1DA /* Assets.xcassets */,
				727F87CE29B543440093B1DA /* LaunchScreen.storyboard */,
				727F87D129B543440093B1DA /* Info.plist */,
				727F87F329B543F40093B1DA /* GoogleService-Info.plist */,
				727F87FA29B545BA0093B1DA /* CustonButton.swift */,
				7270282329BF0C02007D5BF2 /* Person.swift */,
			);
			path = FirstApp;
			sourceTree = "<group>";
		};
		727F87D929B543440093B1DA /* FirstAppTests */ = {
			isa = PBXGroup;
			children = (
				727F87DA29B543440093B1DA /* FirstAppTests.swift */,
			);
			path = FirstAppTests;
			sourceTree = "<group>";
		};
		727F87E329B543440093B1DA /* FirstAppUITests */ = {
			isa = PBXGroup;
			children = (
				727F87E429B543440093B1DA /* FirstAppUITests.swift */,
				727F87E629B543440093B1DA /* FirstAppUITestsLaunchTests.swift */,
			);
			path = FirstAppUITests;
			sourceTree = "<group>";
		};
		727F880A29B55BB20093B1DA /* LogoutVC */ = {
			isa = PBXGroup;
			children = (
				727F880629B55BAD0093B1DA /* LogoutVC.swift */,
				727F880729B55BAD0093B1DA /* LogoutVC.xib */,
			);
			path = LogoutVC;
			sourceTree = "<group>";
		};
		727F880B29B55CBA0093B1DA /* LoginVC */ = {
			isa = PBXGroup;
			children = (
				727F880C29B55CD40093B1DA /* LoginVC.swift */,
				727F880D29B55CD40093B1DA /* LoginVC.xib */,
			);
			path = LoginVC;
			sourceTree = "<group>";
		};
/* End PBXGroup section */

/* Begin PBXNativeTarget section */
		727F87BF29B543420093B1DA /* FirstApp */ = {
			isa = PBXNativeTarget;
			buildConfigurationList = 727F87EA29B543440093B1DA /* Build configuration list for PBXNativeTarget "FirstApp" */;
			buildPhases = (
				727F87BC29B543420093B1DA /* Sources */,
				727F87BD29B543420093B1DA /* Frameworks */,
				727F87BE29B543420093B1DA /* Resources */,
			);
			buildRules = (
			);
			dependencies = (
			);
			name = FirstApp;
			packageProductDependencies = (
				727F87F629B545020093B1DA /* FirebaseAnalytics */,
				727F87F829B545020093B1DA /* FirebaseAnalyticsWithoutAdIdSupport */,
				727F87FD29B54AD80093B1DA /* IQKeyboardManagerSwift */,
				727F880029B550B60093B1DA /* FirebaseAuth */,
				727F880229B550B60093B1DA /* FirebaseAuthCombine-Community */,
				726ED86429B5A99500AFA487 /* FirebaseDatabase */,
			);
			productName = FirstApp;
			productReference = 727F87C029B543420093B1DA /* FirstApp.app */;
			productType = "com.apple.product-type.application";
		};
		727F87D529B543440093B1DA /* FirstAppTests */ = {
			isa = PBXNativeTarget;
			buildConfigurationList = 727F87ED29B543440093B1DA /* Build configuration list for PBXNativeTarget "FirstAppTests" */;
			buildPhases = (
				727F87D229B543440093B1DA /* Sources */,
				727F87D329B543440093B1DA /* Frameworks */,
				727F87D429B543440093B1DA /* Resources */,
			);
			buildRules = (
			);
			dependencies = (
				727F87D829B543440093B1DA /* PBXTargetDependency */,
			);
			name = FirstAppTests;
			productName = FirstAppTests;
			productReference = 727F87D629B543440093B1DA /* FirstAppTests.xctest */;
			productType = "com.apple.product-type.bundle.unit-test";
		};
		727F87DF29B543440093B1DA /* FirstAppUITests */ = {
			isa = PBXNativeTarget;
			buildConfigurationList = 727F87F029B543440093B1DA /* Build configuration list for PBXNativeTarget "FirstAppUITests" */;
			buildPhases = (
				727F87DC29B543440093B1DA /* Sources */,
				727F87DD29B543440093B1DA /* Frameworks */,
				727F87DE29B543440093B1DA /* Resources */,
			);
			buildRules = (
			);
			dependencies = (
				727F87E229B543440093B1DA /* PBXTargetDependency */,
			);
			name = FirstAppUITests;
			productName = FirstAppUITests;
			productReference = 727F87E029B543440093B1DA /* FirstAppUITests.xctest */;
			productType = "com.apple.product-type.bundle.ui-testing";
		};
/* End PBXNativeTarget section */

/* Begin PBXProject section */
		727F87B829B543420093B1DA /* Project object */ = {
			isa = PBXProject;
			attributes = {
				BuildIndependentTargetsInParallel = 1;
				LastSwiftUpdateCheck = 1340;
				LastUpgradeCheck = 1340;
				TargetAttributes = {
					727F87BF29B543420093B1DA = {
						CreatedOnToolsVersion = 13.4.1;
					};
					727F87D529B543440093B1DA = {
						CreatedOnToolsVersion = 13.4.1;
						TestTargetID = 727F87BF29B543420093B1DA;
					};
					727F87DF29B543440093B1DA = {
						CreatedOnToolsVersion = 13.4.1;
						TestTargetID = 727F87BF29B543420093B1DA;
					};
				};
			};
			buildConfigurationList = 727F87BB29B543420093B1DA /* Build configuration list for PBXProject "FirstApp" */;
			compatibilityVersion = "Xcode 13.0";
			developmentRegion = en;
			hasScannedForEncodings = 0;
			knownRegions = (
				en,
				Base,
			);
			mainGroup = 727F87B729B543420093B1DA;
			packageReferences = (
				727F87F529B545020093B1DA /* XCRemoteSwiftPackageReference "firebase-ios-sdk" */,
				727F87FC29B54AD80093B1DA /* XCRemoteSwiftPackageReference "IQKeyboardManager" */,
				727F87FF29B550B60093B1DA /* XCRemoteSwiftPackageReference "firebase-ios-sdk" */,
				726ED86329B5A99500AFA487 /* XCRemoteSwiftPackageReference "firebase-ios-sdk" */,
			);
			productRefGroup = 727F87C129B543420093B1DA /* Products */;
			projectDirPath = "";
			projectRoot = "";
			targets = (
				727F87BF29B543420093B1DA /* FirstApp */,
				727F87D529B543440093B1DA /* FirstAppTests */,
				727F87DF29B543440093B1DA /* FirstAppUITests */,
			);
		};
/* End PBXProject section */

/* Begin PBXResourcesBuildPhase section */
		727F87BE29B543420093B1DA /* Resources */ = {
			isa = PBXResourcesBuildPhase;
			buildActionMask = 2147483647;
			files = (
				726ED87929B5B66900AFA487 /* ShowDataTVC.xib in Resources */,
				727F880F29B55CD40093B1DA /* LoginVC.xib in Resources */,
				727F87D029B543440093B1DA /* LaunchScreen.storyboard in Resources */,
				7270282E29BF1668007D5BF2 /* UpdateDataVC.xib in Resources */,
				727F880929B55BAD0093B1DA /* LogoutVC.xib in Resources */,
				7270282929BF11F1007D5BF2 /* HomeVC.xib in Resources */,
				7270283329BF1E6C007D5BF2 /* AddNewPersonVC.xib in Resources */,
				727F87F429B543F40093B1DA /* GoogleService-Info.plist in Resources */,
				726ED87529B5B65200AFA487 /* MyCell.xib in Resources */,
				727F87CD29B543440093B1DA /* Assets.xcassets in Resources */,
			);
			runOnlyForDeploymentPostprocessing = 0;
		};
		727F87D429B543440093B1DA /* Resources */ = {
			isa = PBXResourcesBuildPhase;
			buildActionMask = 2147483647;
			files = (
			);
			runOnlyForDeploymentPostprocessing = 0;
		};
		727F87DE29B543440093B1DA /* Resources */ = {
			isa = PBXResourcesBuildPhase;
			buildActionMask = 2147483647;
			files = (
			);
			runOnlyForDeploymentPostprocessing = 0;
		};
/* End PBXResourcesBuildPhase section */

/* Begin PBXSourcesBuildPhase section */
		727F87BC29B543420093B1DA /* Sources */ = {
			isa = PBXSourcesBuildPhase;
			buildActionMask = 2147483647;
			files = (
				727F87FB29B545BA0093B1DA /* CustonButton.swift in Sources */,
				7270282829BF11F1007D5BF2 /* HomeVC.swift in Sources */,
				727F880E29B55CD40093B1DA /* LoginVC.swift in Sources */,
				727F87C429B543420093B1DA /* AppDelegate.swift in Sources */,
				7270282D29BF1668007D5BF2 /* UpdateDataVC.swift in Sources */,
				727F87C629B543420093B1DA /* SceneDelegate.swift in Sources */,
				7270283229BF1E6C007D5BF2 /* AddNewPersonVC.swift in Sources */,
				726ED87829B5B66900AFA487 /* ShowDataTVC.swift in Sources */,
				726ED87429B5B65200AFA487 /* MyCell.swift in Sources */,
				7270282429BF0C02007D5BF2 /* Person.swift in Sources */,
				727F880829B55BAD0093B1DA /* LogoutVC.swift in Sources */,
			);
			runOnlyForDeploymentPostprocessing = 0;
		};
		727F87D229B543440093B1DA /* Sources */ = {
			isa = PBXSourcesBuildPhase;
			buildActionMask = 2147483647;
			files = (
				727F87DB29B543440093B1DA /* FirstAppTests.swift in Sources */,
			);
			runOnlyForDeploymentPostprocessing = 0;
		};
		727F87DC29B543440093B1DA /* Sources */ = {
			isa = PBXSourcesBuildPhase;
			buildActionMask = 2147483647;
			files = (
				727F87E729B543440093B1DA /* FirstAppUITestsLaunchTests.swift in Sources */,
				727F87E529B543440093B1DA /* FirstAppUITests.swift in Sources */,
			);
			runOnlyForDeploymentPostprocessing = 0;
		};
/* End PBXSourcesBuildPhase section */

/* Begin PBXTargetDependency section */
		727F87D829B543440093B1DA /* PBXTargetDependency */ = {
			isa = PBXTargetDependency;
			target = 727F87BF29B543420093B1DA /* FirstApp */;
			targetProxy = 727F87D729B543440093B1DA /* PBXContainerItemProxy */;
		};
		727F87E229B543440093B1DA /* PBXTargetDependency */ = {
			isa = PBXTargetDependency;
			target = 727F87BF29B543420093B1DA /* FirstApp */;
			targetProxy = 727F87E129B543440093B1DA /* PBXContainerItemProxy */;
		};
/* End PBXTargetDependency section */

/* Begin PBXVariantGroup section */
		727F87CE29B543440093B1DA /* LaunchScreen.storyboard */ = {
			isa = PBXVariantGroup;
			children = (
				727F87CF29B543440093B1DA /* Base */,
			);
			name = LaunchScreen.storyboard;
			sourceTree = "<group>";
		};
/* End PBXVariantGroup section */

/* Begin XCBuildConfiguration section */
		727F87E829B543440093B1DA /* Debug */ = {
			isa = XCBuildConfiguration;
			buildSettings = {
				ALWAYS_SEARCH_USER_PATHS = NO;
				CLANG_ANALYZER_NONNULL = YES;
				CLANG_ANALYZER_NUMBER_OBJECT_CONVERSION = YES_AGGRESSIVE;
				CLANG_CXX_LANGUAGE_STANDARD = "gnu++17";
				CLANG_ENABLE_MODULES = YES;
				CLANG_ENABLE_OBJC_ARC = YES;
				CLANG_ENABLE_OBJC_WEAK = YES;
				CLANG_WARN_BLOCK_CAPTURE_AUTORELEASING = YES;
				CLANG_WARN_BOOL_CONVERSION = YES;
				CLANG_WARN_COMMA = YES;
				CLANG_WARN_CONSTANT_CONVERSION = YES;
				CLANG_WARN_DEPRECATED_OBJC_IMPLEMENTATIONS = YES;
				CLANG_WARN_DIRECT_OBJC_ISA_USAGE = YES_ERROR;
				CLANG_WARN_DOCUMENTATION_COMMENTS = YES;
				CLANG_WARN_EMPTY_BODY = YES;
				CLANG_WARN_ENUM_CONVERSION = YES;
				CLANG_WARN_INFINITE_RECURSION = YES;
				CLANG_WARN_INT_CONVERSION = YES;
				CLANG_WARN_NON_LITERAL_NULL_CONVERSION = YES;
				CLANG_WARN_OBJC_IMPLICIT_RETAIN_SELF = YES;
				CLANG_WARN_OBJC_LITERAL_CONVERSION = YES;
				CLANG_WARN_OBJC_ROOT_CLASS = YES_ERROR;
				CLANG_WARN_QUOTED_INCLUDE_IN_FRAMEWORK_HEADER = YES;
				CLANG_WARN_RANGE_LOOP_ANALYSIS = YES;
				CLANG_WARN_STRICT_PROTOTYPES = YES;
				CLANG_WARN_SUSPICIOUS_MOVE = YES;
				CLANG_WARN_UNGUARDED_AVAILABILITY = YES_AGGRESSIVE;
				CLANG_WARN_UNREACHABLE_CODE = YES;
				CLANG_WARN__DUPLICATE_METHOD_MATCH = YES;
				COPY_PHASE_STRIP = NO;
				DEBUG_INFORMATION_FORMAT = dwarf;
				ENABLE_STRICT_OBJC_MSGSEND = YES;
				ENABLE_TESTABILITY = YES;
				GCC_C_LANGUAGE_STANDARD = gnu11;
				GCC_DYNAMIC_NO_PIC = NO;
				GCC_NO_COMMON_BLOCKS = YES;
				GCC_OPTIMIZATION_LEVEL = 0;
				GCC_PREPROCESSOR_DEFINITIONS = (
					"DEBUG=1",
					"$(inherited)",
				);
				GCC_WARN_64_TO_32_BIT_CONVERSION = YES;
				GCC_WARN_ABOUT_RETURN_TYPE = YES_ERROR;
				GCC_WARN_UNDECLARED_SELECTOR = YES;
				GCC_WARN_UNINITIALIZED_AUTOS = YES_AGGRESSIVE;
				GCC_WARN_UNUSED_FUNCTION = YES;
				GCC_WARN_UNUSED_VARIABLE = YES;
				IPHONEOS_DEPLOYMENT_TARGET = 15.5;
				MTL_ENABLE_DEBUG_INFO = INCLUDE_SOURCE;
				MTL_FAST_MATH = YES;
				ONLY_ACTIVE_ARCH = YES;
				SDKROOT = iphoneos;
				SWIFT_ACTIVE_COMPILATION_CONDITIONS = DEBUG;
				SWIFT_OPTIMIZATION_LEVEL = "-Onone";
			};
			name = Debug;
		};
		727F87E929B543440093B1DA /* Release */ = {
			isa = XCBuildConfiguration;
			buildSettings = {
				ALWAYS_SEARCH_USER_PATHS = NO;
				CLANG_ANALYZER_NONNULL = YES;
				CLANG_ANALYZER_NUMBER_OBJECT_CONVERSION = YES_AGGRESSIVE;
				CLANG_CXX_LANGUAGE_STANDARD = "gnu++17";
				CLANG_ENABLE_MODULES = YES;
				CLANG_ENABLE_OBJC_ARC = YES;
				CLANG_ENABLE_OBJC_WEAK = YES;
				CLANG_WARN_BLOCK_CAPTURE_AUTORELEASING = YES;
				CLANG_WARN_BOOL_CONVERSION = YES;
				CLANG_WARN_COMMA = YES;
				CLANG_WARN_CONSTANT_CONVERSION = YES;
				CLANG_WARN_DEPRECATED_OBJC_IMPLEMENTATIONS = YES;
				CLANG_WARN_DIRECT_OBJC_ISA_USAGE = YES_ERROR;
				CLANG_WARN_DOCUMENTATION_COMMENTS = YES;
				CLANG_WARN_EMPTY_BODY = YES;
				CLANG_WARN_ENUM_CONVERSION = YES;
				CLANG_WARN_INFINITE_RECURSION = YES;
				CLANG_WARN_INT_CONVERSION = YES;
				CLANG_WARN_NON_LITERAL_NULL_CONVERSION = YES;
				CLANG_WARN_OBJC_IMPLICIT_RETAIN_SELF = YES;
				CLANG_WARN_OBJC_LITERAL_CONVERSION = YES;
				CLANG_WARN_OBJC_ROOT_CLASS = YES_ERROR;
				CLANG_WARN_QUOTED_INCLUDE_IN_FRAMEWORK_HEADER = YES;
				CLANG_WARN_RANGE_LOOP_ANALYSIS = YES;
				CLANG_WARN_STRICT_PROTOTYPES = YES;
				CLANG_WARN_SUSPICIOUS_MOVE = YES;
				CLANG_WARN_UNGUARDED_AVAILABILITY = YES_AGGRESSIVE;
				CLANG_WARN_UNREACHABLE_CODE = YES;
				CLANG_WARN__DUPLICATE_METHOD_MATCH = YES;
				COPY_PHASE_STRIP = NO;
				DEBUG_INFORMATION_FORMAT = "dwarf-with-dsym";
				ENABLE_NS_ASSERTIONS = NO;
				ENABLE_STRICT_OBJC_MSGSEND = YES;
				GCC_C_LANGUAGE_STANDARD = gnu11;
				GCC_NO_COMMON_BLOCKS = YES;
				GCC_WARN_64_TO_32_BIT_CONVERSION = YES;
				GCC_WARN_ABOUT_RETURN_TYPE = YES_ERROR;
				GCC_WARN_UNDECLARED_SELECTOR = YES;
				GCC_WARN_UNINITIALIZED_AUTOS = YES_AGGRESSIVE;
				GCC_WARN_UNUSED_FUNCTION = YES;
				GCC_WARN_UNUSED_VARIABLE = YES;
				IPHONEOS_DEPLOYMENT_TARGET = 15.5;
				MTL_ENABLE_DEBUG_INFO = NO;
				MTL_FAST_MATH = YES;
				SDKROOT = iphoneos;
				SWIFT_COMPILATION_MODE = wholemodule;
				SWIFT_OPTIMIZATION_LEVEL = "-O";
				VALIDATE_PRODUCT = YES;
			};
			name = Release;
		};
		727F87EB29B543440093B1DA /* Debug */ = {
			isa = XCBuildConfiguration;
			buildSettings = {
				ASSETCATALOG_COMPILER_APPICON_NAME = AppIcon;
				ASSETCATALOG_COMPILER_GLOBAL_ACCENT_COLOR_NAME = AccentColor;
				CODE_SIGN_STYLE = Automatic;
				CURRENT_PROJECT_VERSION = 1;
				GENERATE_INFOPLIST_FILE = YES;
				INFOPLIST_FILE = FirstApp/Info.plist;
				INFOPLIST_KEY_UIApplicationSupportsIndirectInputEvents = YES;
				INFOPLIST_KEY_UILaunchStoryboardName = LaunchScreen;
				INFOPLIST_KEY_UISupportedInterfaceOrientations_iPad = "UIInterfaceOrientationPortrait UIInterfaceOrientationPortraitUpsideDown UIInterfaceOrientationLandscapeLeft UIInterfaceOrientationLandscapeRight";
				INFOPLIST_KEY_UISupportedInterfaceOrientations_iPhone = "UIInterfaceOrientationPortrait UIInterfaceOrientationLandscapeLeft UIInterfaceOrientationLandscapeRight";
				LD_RUNPATH_SEARCH_PATHS = (
					"$(inherited)",
					"@executable_path/Frameworks",
				);
				MARKETING_VERSION = 1.0;
				PRODUCT_BUNDLE_IDENTIFIER = com.mina.FirstApp;
				PRODUCT_NAME = "$(TARGET_NAME)";
				SWIFT_EMIT_LOC_STRINGS = YES;
				SWIFT_VERSION = 5.0;
				TARGETED_DEVICE_FAMILY = "1,2";
			};
			name = Debug;
		};
		727F87EC29B543440093B1DA /* Release */ = {
			isa = XCBuildConfiguration;
			buildSettings = {
				ASSETCATALOG_COMPILER_APPICON_NAME = AppIcon;
				ASSETCATALOG_COMPILER_GLOBAL_ACCENT_COLOR_NAME = AccentColor;
				CODE_SIGN_STYLE = Automatic;
				CURRENT_PROJECT_VERSION = 1;
				GENERATE_INFOPLIST_FILE = YES;
				INFOPLIST_FILE = FirstApp/Info.plist;
				INFOPLIST_KEY_UIApplicationSupportsIndirectInputEvents = YES;
				INFOPLIST_KEY_UILaunchStoryboardName = LaunchScreen;
				INFOPLIST_KEY_UISupportedInterfaceOrientations_iPad = "UIInterfaceOrientationPortrait UIInterfaceOrientationPortraitUpsideDown UIInterfaceOrientationLandscapeLeft UIInterfaceOrientationLandscapeRight";
				INFOPLIST_KEY_UISupportedInterfaceOrientations_iPhone = "UIInterfaceOrientationPortrait UIInterfaceOrientationLandscapeLeft UIInterfaceOrientationLandscapeRight";
				LD_RUNPATH_SEARCH_PATHS = (
					"$(inherited)",
					"@executable_path/Frameworks",
				);
				MARKETING_VERSION = 1.0;
				PRODUCT_BUNDLE_IDENTIFIER = com.mina.FirstApp;
				PRODUCT_NAME = "$(TARGET_NAME)";
				SWIFT_EMIT_LOC_STRINGS = YES;
				SWIFT_VERSION = 5.0;
				TARGETED_DEVICE_FAMILY = "1,2";
			};
			name = Release;
		};
		727F87EE29B543440093B1DA /* Debug */ = {
			isa = XCBuildConfiguration;
			buildSettings = {
				ALWAYS_EMBED_SWIFT_STANDARD_LIBRARIES = YES;
				BUNDLE_LOADER = "$(TEST_HOST)";
				CODE_SIGN_STYLE = Automatic;
				CURRENT_PROJECT_VERSION = 1;
				GENERATE_INFOPLIST_FILE = YES;
				IPHONEOS_DEPLOYMENT_TARGET = 15.5;
				MARKETING_VERSION = 1.0;
				PRODUCT_BUNDLE_IDENTIFIER = com.mina.FirstAppTests;
				PRODUCT_NAME = "$(TARGET_NAME)";
				SWIFT_EMIT_LOC_STRINGS = NO;
				SWIFT_VERSION = 5.0;
				TARGETED_DEVICE_FAMILY = "1,2";
				TEST_HOST = "$(BUILT_PRODUCTS_DIR)/FirstApp.app/FirstApp";
			};
			name = Debug;
		};
		727F87EF29B543440093B1DA /* Release */ = {
			isa = XCBuildConfiguration;
			buildSettings = {
				ALWAYS_EMBED_SWIFT_STANDARD_LIBRARIES = YES;
				BUNDLE_LOADER = "$(TEST_HOST)";
				CODE_SIGN_STYLE = Automatic;
				CURRENT_PROJECT_VERSION = 1;
				GENERATE_INFOPLIST_FILE = YES;
				IPHONEOS_DEPLOYMENT_TARGET = 15.5;
				MARKETING_VERSION = 1.0;
				PRODUCT_BUNDLE_IDENTIFIER = com.mina.FirstAppTests;
				PRODUCT_NAME = "$(TARGET_NAME)";
				SWIFT_EMIT_LOC_STRINGS = NO;
				SWIFT_VERSION = 5.0;
				TARGETED_DEVICE_FAMILY = "1,2";
				TEST_HOST = "$(BUILT_PRODUCTS_DIR)/FirstApp.app/FirstApp";
			};
			name = Release;
		};
		727F87F129B543440093B1DA /* Debug */ = {
			isa = XCBuildConfiguration;
			buildSettings = {
				ALWAYS_EMBED_SWIFT_STANDARD_LIBRARIES = YES;
				CODE_SIGN_STYLE = Automatic;
				CURRENT_PROJECT_VERSION = 1;
				GENERATE_INFOPLIST_FILE = YES;
				MARKETING_VERSION = 1.0;
				PRODUCT_BUNDLE_IDENTIFIER = com.mina.FirstAppUITests;
				PRODUCT_NAME = "$(TARGET_NAME)";
				SWIFT_EMIT_LOC_STRINGS = NO;
				SWIFT_VERSION = 5.0;
				TARGETED_DEVICE_FAMILY = "1,2";
				TEST_TARGET_NAME = FirstApp;
			};
			name = Debug;
		};
		727F87F229B543440093B1DA /* Release */ = {
			isa = XCBuildConfiguration;
			buildSettings = {
				ALWAYS_EMBED_SWIFT_STANDARD_LIBRARIES = YES;
				CODE_SIGN_STYLE = Automatic;
				CURRENT_PROJECT_VERSION = 1;
				GENERATE_INFOPLIST_FILE = YES;
				MARKETING_VERSION = 1.0;
				PRODUCT_BUNDLE_IDENTIFIER = com.mina.FirstAppUITests;
				PRODUCT_NAME = "$(TARGET_NAME)";
				SWIFT_EMIT_LOC_STRINGS = NO;
				SWIFT_VERSION = 5.0;
				TARGETED_DEVICE_FAMILY = "1,2";
				TEST_TARGET_NAME = FirstApp;
			};
			name = Release;
		};
/* End XCBuildConfiguration section */

/* Begin XCConfigurationList section */
		727F87BB29B543420093B1DA /* Build configuration list for PBXProject "FirstApp" */ = {
			isa = XCConfigurationList;
			buildConfigurations = (
				727F87E829B543440093B1DA /* Debug */,
				727F87E929B543440093B1DA /* Release */,
			);
			defaultConfigurationIsVisible = 0;
			defaultConfigurationName = Release;
		};
		727F87EA29B543440093B1DA /* Build configuration list for PBXNativeTarget "FirstApp" */ = {
			isa = XCConfigurationList;
			buildConfigurations = (
				727F87EB29B543440093B1DA /* Debug */,
				727F87EC29B543440093B1DA /* Release */,
			);
			defaultConfigurationIsVisible = 0;
			defaultConfigurationName = Release;
		};
		727F87ED29B543440093B1DA /* Build configuration list for PBXNativeTarget "FirstAppTests" */ = {
			isa = XCConfigurationList;
			buildConfigurations = (
				727F87EE29B543440093B1DA /* Debug */,
				727F87EF29B543440093B1DA /* Release */,
			);
			defaultConfigurationIsVisible = 0;
			defaultConfigurationName = Release;
		};
		727F87F029B543440093B1DA /* Build configuration list for PBXNativeTarget "FirstAppUITests" */ = {
			isa = XCConfigurationList;
			buildConfigurations = (
				727F87F129B543440093B1DA /* Debug */,
				727F87F229B543440093B1DA /* Release */,
			);
			defaultConfigurationIsVisible = 0;
			defaultConfigurationName = Release;
		};
/* End XCConfigurationList section */

/* Begin XCRemoteSwiftPackageReference section */
		726ED86329B5A99500AFA487 /* XCRemoteSwiftPackageReference "firebase-ios-sdk" */ = {
			isa = XCRemoteSwiftPackageReference;
			repositoryURL = "https://github.com/firebase/firebase-ios-sdk";
			requirement = {
				branch = master;
				kind = branch;
			};
		};
		727F87F529B545020093B1DA /* XCRemoteSwiftPackageReference "firebase-ios-sdk" */ = {
			isa = XCRemoteSwiftPackageReference;
			repositoryURL = "https://github.com/firebase/firebase-ios-sdk";
			requirement = {
				branch = master;
				kind = branch;
			};
		};
		727F87FC29B54AD80093B1DA /* XCRemoteSwiftPackageReference "IQKeyboardManager" */ = {
			isa = XCRemoteSwiftPackageReference;
			repositoryURL = "https://github.com/hackiftekhar/IQKeyboardManager.git";
			requirement = {
				kind = upToNextMajorVersion;
				minimumVersion = 6.5.0;
			};
		};
		727F87FF29B550B60093B1DA /* XCRemoteSwiftPackageReference "firebase-ios-sdk" */ = {
			isa = XCRemoteSwiftPackageReference;
			repositoryURL = "https://github.com/firebase/firebase-ios-sdk";
			requirement = {
				branch = master;
				kind = branch;
			};
		};
/* End XCRemoteSwiftPackageReference section */

/* Begin XCSwiftPackageProductDependency section */
		726ED86429B5A99500AFA487 /* FirebaseDatabase */ = {
			isa = XCSwiftPackageProductDependency;
			package = 727F87F529B545020093B1DA /* XCRemoteSwiftPackageReference "firebase-ios-sdk" */;
			productName = FirebaseDatabase;
		};
		727F87F629B545020093B1DA /* FirebaseAnalytics */ = {
			isa = XCSwiftPackageProductDependency;
			package = 727F87F529B545020093B1DA /* XCRemoteSwiftPackageReference "firebase-ios-sdk" */;
			productName = FirebaseAnalytics;
		};
		727F87F829B545020093B1DA /* FirebaseAnalyticsWithoutAdIdSupport */ = {
			isa = XCSwiftPackageProductDependency;
			package = 727F87F529B545020093B1DA /* XCRemoteSwiftPackageReference "firebase-ios-sdk" */;
			productName = FirebaseAnalyticsWithoutAdIdSupport;
		};
		727F87FD29B54AD80093B1DA /* IQKeyboardManagerSwift */ = {
			isa = XCSwiftPackageProductDependency;
			package = 727F87FC29B54AD80093B1DA /* XCRemoteSwiftPackageReference "IQKeyboardManager" */;
			productName = IQKeyboardManagerSwift;
		};
		727F880029B550B60093B1DA /* FirebaseAuth */ = {
			isa = XCSwiftPackageProductDependency;
			package = 727F87F529B545020093B1DA /* XCRemoteSwiftPackageReference "firebase-ios-sdk" */;
			productName = FirebaseAuth;
		};
		727F880229B550B60093B1DA /* FirebaseAuthCombine-Community */ = {
			isa = XCSwiftPackageProductDependency;
			package = 727F87F529B545020093B1DA /* XCRemoteSwiftPackageReference "firebase-ios-sdk" */;
			productName = "FirebaseAuthCombine-Community";
		};
/* End XCSwiftPackageProductDependency section */
	};
	rootObject = 727F87B829B543420093B1DA /* Project object */;
}
